<?xml version="1.0" encoding="utf-8"?>
<Project ToolsVersion="4.0" xmlns="http://schemas.microsoft.com/developer/msbuild/2003">
  <ItemGroup>
    <Filter Include="源文件">
      <UniqueIdentifier>{4FC737F1-C7A5-4376-A066-2A32D752A2FF}</UniqueIdentifier>
      <Extensions>cpp;c;cc;cxx;def;odl;idl;hpj;bat;asm;asmx</Extensions>
    </Filter>
    <Filter Include="头文件">
      <UniqueIdentifier>{93995380-89BD-4b04-88EB-625FBE52EBFB}</UniqueIdentifier>
      <Extensions>h;hh;hpp;hxx;hm;inl;inc;xsd</Extensions>
    </Filter>
    <Filter Include="资源文件">
      <UniqueIdentifier>{67DA6AB6-F800-4c08-8B7A-83BB121AAD01}</UniqueIdentifier>
      <Extensions>rc;ico;cur;bmp;dlg;rc2;rct;bin;rgs;gif;jpg;jpeg;jpe;resx;tiff;tif;png;wav;mfcribbon-ms</Extensions>
    </Filter>
  </ItemGroup>
  <ItemGroup>
    <ClInclude Include="..\..\..\include\serial\impl\unix.h">
      <Filter>头文件</Filter>
    </ClInclude>
    <ClInclude Include="..\..\..\include\serial\impl\win.h">
      <Filter>头文件</Filter>
    </ClInclude>
    <ClInclude Include="..\..\..\include\serial\serial.h">
      <Filter>头文件</Filter>
    </ClInclude>
    <ClInclude Include="..\..\..\include\serial\v8stdint.h">
      <Filter>头文件</Filter>
    </ClInclude>
    <ClInclude Include="..\..\..\include\xarm\core\common\crc16.h">
      <Filter>头文件</Filter>
    </ClInclude>
    <ClInclude Include="..\..\..\include\xarm\core\common\data_type.h">
      <Filter>头文件</Filter>
    </ClInclude>
    <ClInclude Include="..\..\..\include\xarm\core\common\queue_memcpy.h">
      <Filter>头文件</Filter>
    </ClInclude>
    <ClInclude Include="..\..\..\include\xarm\core\debug\debug_print.h">
      <Filter>头文件</Filter>
    </ClInclude>
    <ClInclude Include="..\..\..\include\xarm\core\instruction\servo3_config.h">
      <Filter>头文件</Filter>
    </ClInclude>
    <ClInclude Include="..\..\..\include\xarm\core\instruction\uxbus_cmd.h">
      <Filter>头文件</Filter>
    </ClInclude>
    <ClInclude Include="..\..\..\include\xarm\core\instruction\uxbus_cmd_config.h">
      <Filter>头文件</Filter>
    </ClInclude>
    <ClInclude Include="..\..\..\include\xarm\core\instruction\uxbus_cmd_ser.h">
      <Filter>头文件</Filter>
    </ClInclude>
    <ClInclude Include="..\..\..\include\xarm\core\instruction\uxbus_cmd_tcp.h">
      <Filter>头文件</Filter>
    </ClInclude>
    <ClInclude Include="..\..\..\include\xarm\core\os\network.h">
      <Filter>头文件</Filter>
    </ClInclude>
    <ClInclude Include="..\..\..\include\xarm\core\port\ser.h">
      <Filter>头文件</Filter>
    </ClInclude>
    <ClInclude Include="..\..\..\include\xarm\core\port\socket.h">
      <Filter>头文件</Filter>
    </ClInclude>
    <ClInclude Include="..\..\..\include\xarm\core\connect.h">
      <Filter>头文件</Filter>
    </ClInclude>
    <ClInclude Include="..\..\..\include\xarm\core\report_data.h">
      <Filter>头文件</Filter>
    </ClInclude>
    <ClInclude Include="..\..\..\include\xarm\core\xarm_config.h">
      <Filter>头文件</Filter>
    </ClInclude>
    <ClInclude Include="..\..\..\include\xarm\wrapper\common\timer.h">
      <Filter>头文件</Filter>
    </ClInclude>
    <ClInclude Include="..\..\..\include\xarm\wrapper\common\utils.h">
      <Filter>头文件</Filter>
    </ClInclude>
    <ClInclude Include="..\..\..\include\xarm\wrapper\xarm_api.h">
      <Filter>头文件</Filter>
    </ClInclude>
    <ClInclude Include="xarm_wrapper.h">
      <Filter>头文件</Filter>
    </ClInclude>
  </ItemGroup>
  <ItemGroup>
    <ClCompile Include="..\..\..\src\serial\impl\list_ports\list_ports_linux.cc">
      <Filter>源文件</Filter>
    </ClCompile>
    <ClCompile Include="..\..\..\src\serial\impl\list_ports\list_ports_osx.cc">
      <Filter>源文件</Filter>
    </ClCompile>
    <ClCompile Include="..\..\..\src\serial\impl\list_ports\list_ports_win.cc">
      <Filter>源文件</Filter>
    </ClCompile>
    <ClCompile Include="..\..\..\src\serial\impl\unix.cc">
      <Filter>源文件</Filter>
    </ClCompile>
    <ClCompile Include="..\..\..\src\serial\impl\win.cc">
      <Filter>源文件</Filter>
    </ClCompile>
    <ClCompile Include="..\..\..\src\serial\serial.cc">
      <Filter>源文件</Filter>
    </ClCompile>
    <ClCompile Include="..\..\..\src\xarm\core\common\crc16.cc">
      <Filter>源文件</Filter>
    </ClCompile>
    <ClCompile Include="..\..\..\src\xarm\core\common\queue_memcpy.cc">
      <Filter>源文件</Filter>
    </ClCompile>
    <ClCompile Include="..\..\..\src\xarm\core\debug\debug_print.cc">
      <Filter>源文件</Filter>
    </ClCompile>
    <ClCompile Include="..\..\..\src\xarm\core\instruction\uxbus_cmd.cc">
      <Filter>源文件</Filter>
    </ClCompile>
    <ClCompile Include="..\..\..\src\xarm\core\instruction\uxbus_cmd_ser.cc">
      <Filter>源文件</Filter>
    </ClCompile>
    <ClCompile Include="..\..\..\src\xarm\core\instruction\uxbus_cmd_tcp.cc">
      <Filter>源文件</Filter>
    </ClCompile>
    <ClCompile Include="..\..\..\src\xarm\core\os\network.cc">
      <Filter>源文件</Filter>
    </ClCompile>
    <ClCompile Include="..\..\..\src\xarm\core\port\ser.cc">
      <Filter>源文件</Filter>
    </ClCompile>
    <ClCompile Include="..\..\..\src\xarm\core\port\socket.cc">
      <Filter>源文件</Filter>
    </ClCompile>
    <ClCompile Include="..\..\..\src\xarm\core\connect.cc">
      <Filter>源文件</Filter>
    </ClCompile>
    <ClCompile Include="..\..\..\src\xarm\core\report_data.cc">
      <Filter>源文件</Filter>
    </ClCompile>
    <ClCompile Include="..\..\..\src\xarm\wrapper\xarm_api.cc">
      <Filter>源文件</Filter>
    </ClCompile>
    <ClCompile Include="..\..\..\src\xarm\wrapper\xarm_bio.cc">
      <Filter>源文件</Filter>
    </ClCompile>
    <ClCompile Include="..\..\..\src\xarm\wrapper\xarm_events.cc">
      <Filter>源文件</Filter>
    </ClCompile>
    <ClCompile Include="..\..\..\src\xarm\wrapper\xarm_gpio.cc">
      <Filter>源文件</Filter>
    </ClCompile>
    <ClCompile Include="..\..\..\src\xarm\wrapper\xarm_gripper.cc">
      <Filter>源文件</Filter>
    </ClCompile>
    <ClCompile Include="..\..\..\src\xarm\wrapper\xarm_motion.cc">
      <Filter>源文件</Filter>
    </ClCompile>
    <ClCompile Include="..\..\..\src\xarm\wrapper\xarm_params.cc">
      <Filter>源文件</Filter>
    </ClCompile>
    <ClCompile Include="..\..\..\src\xarm\wrapper\xarm_record.cc">
      <Filter>源文件</Filter>
    </ClCompile>
    <ClCompile Include="..\..\..\src\xarm\wrapper\xarm_report.cc">
      <Filter>源文件</Filter>
    </ClCompile>
    <ClCompile Include="..\..\..\src\xarm\wrapper\xarm_robotiq.cc">
      <Filter>源文件</Filter>
    </ClCompile>
    <ClCompile Include="..\..\..\src\xarm\wrapper\xarm_servo.cc">
      <Filter>源文件</Filter>
    </ClCompile>
    <ClCompile Include="xarm_wrapper.cc">
      <Filter>源文件</Filter>
    </ClCompile>
    <ClCompile Include="..\..\..\src\xarm\wrapper\xarm_ft_sensor.cc">
      <Filter>源文件</Filter>
    </ClCompile>
    <ClCompile Include="..\..\..\src\xarm\wrapper\xarm_track.cc">
      <Filter>源文件</Filter>
    </ClCompile>
    <ClCompile Include="..\..\..\src\xarm\wrapper\xarm_modbus_tcp.cc">
      <Filter>源文件</Filter>
    </ClCompile>
  </ItemGroup>
</Project>