
Microsoft Visual Studio Solution File, Format Version 12.00
# Visual Studio 14
VisualStudioVersion = 14.0.25420.1
MinimumVisualStudioVersion = 10.0.40219.1
Project("{8BC9CEB8-8B4A-11D0-8D11-00A0C91BC942}") = "xarm", "xarm\xarm.vcxproj", "{DEE3D7EF-64E9-4614-8E4B-C78464A758E5}"
EndProject
Project("{8BC9CEB8-8B4A-11D0-8D11-00A0C91BC942}") = "0002-get_property", "0002-get_property\0002-get_property.vcxproj", "{5A2844A9-BBA7-4A6B-8B70-1EA13F4E6168}"
EndProject
Project("{8BC9CEB8-8B4A-11D0-8D11-00A0C91BC942}") = "1001-move_line", "1001-move_line\1001-move_line.vcxproj", "{A8D363B1-49F5-4C5C-9E5E-7012E49F72A8}"
EndProject
Project("{8BC9CEB8-8B4A-11D0-8D11-00A0C91BC942}") = "0001-event_register", "0001-event_register\0001-event_register.vcxproj", "{4A8AB63D-4B22-4F7A-8BCC-C7B98525BCE4}"
EndProject
Project("{8BC9CEB8-8B4A-11D0-8D11-00A0C91BC942}") = "0003-api_get", "0003-api_get\0003-api_get.vcxproj", "{9BFA05B4-A794-4AF2-9776-EB654EDEDEC2}"
EndProject
Project("{8BC9CEB8-8B4A-11D0-8D11-00A0C91BC942}") = "0004-servo_attach_detach", "0004-servo_attach_detach\0004-servo_attach_detach.vcxproj", "{6E3E6413-84B4-43FE-8B9D-28DD90430B0F}"
EndProject
Project("{8BC9CEB8-8B4A-11D0-8D11-00A0C91BC942}") = "1006-move_tool_line", "1006-move_tool_line\1006-move_tool_line.vcxproj", "{59E3E432-3576-451C-8A85-D2CF80F27B4C}"
EndProject
Project("{8BC9CEB8-8B4A-11D0-8D11-00A0C91BC942}") = "1004-move_arc_line", "1004-move_arc_line\1004-move_arc_line.vcxproj", "{93C158CB-9080-4E6A-861B-CDCE41B4F8DA}"
EndProject
Project("{8BC9CEB8-8B4A-11D0-8D11-00A0C91BC942}") = "1007-counter", "1007-counter\1007-counter.vcxproj", "{F76692A6-0C9A-41ED-ADC9-37067B8FAB22}"
EndProject
Project("{8BC9CEB8-8B4A-11D0-8D11-00A0C91BC942}") = "2001-move_joint", "2001-move_joint\2001-move_joint.vcxproj", "{F6C70D6B-C272-4B48-BC96-EF8EA5E3C97C}"
EndProject
Project("{8BC9CEB8-8B4A-11D0-8D11-00A0C91BC942}") = "3001-move_circle", "3001-move_circle\3001-move_circle.vcxproj", "{DF4F594B-8A35-4F2A-A6E0-65264EE40C3F}"
EndProject
Project("{8BC9CEB8-8B4A-11D0-8D11-00A0C91BC942}") = "3002-record_trajectory", "3002-record_trajectory\3002-record_trajectory.vcxproj", "{867E45C7-33AF-4312-A3A9-938787CA6F14}"
EndProject
Project("{8BC9CEB8-8B4A-11D0-8D11-00A0C91BC942}") = "3003-playback_trajectory", "3003-playback_trajectory\3003-playback_trajectory.vcxproj", "{B281A23A-5F3C-4C2E-8D5C-36BFC985AB59}"
EndProject
Project("{8BC9CEB8-8B4A-11D0-8D11-00A0C91BC942}") = "5001-get_tgpio_digital", "5001-get_tgpio_digital\5001-get_tgpio_digital.vcxproj", "{34C59648-5732-421B-9592-A83D0A088568}"
EndProject
Project("{8BC9CEB8-8B4A-11D0-8D11-00A0C91BC942}") = "5002-get_tgpio_analog", "5002-get_tgpio_analog\5002-get_tgpio_analog.vcxproj", "{C75F3B6C-8152-455D-A71F-B7EFFC7B1EAC}"
EndProject
Project("{8BC9CEB8-8B4A-11D0-8D11-00A0C91BC942}") = "5003-set_tgpio_digital", "5003-set_tgpio_digital\5003-set_tgpio_digital.vcxproj", "{0D3FBD9B-3875-4B16-AA02-6AC9C8B0E1F6}"
EndProject
Project("{8BC9CEB8-8B4A-11D0-8D11-00A0C91BC942}") = "5004-set_gripper", "5004-set_gripper\5004-set_gripper.vcxproj", "{573871C4-2C69-4A04-A0CE-BBE42DB33BF2}"
EndProject
Project("{8BC9CEB8-8B4A-11D0-8D11-00A0C91BC942}") = "5005-get_cgpio_digital_analog", "5005-get_cgpio_digital_analog\5005-get_cgpio_digital_analog.vcxproj", "{B4E4DA10-9301-430B-A60D-3F56FD37204B}"
EndProject
Project("{8BC9CEB8-8B4A-11D0-8D11-00A0C91BC942}") = "5006-set_cgpio_digital_analog", "5006-set_cgpio_digital_analog\5006-set_cgpio_digital_analog.vcxproj", "{FC3191FF-0BB3-4054-B3C3-CC95EC52E633}"
EndProject
Project("{8BC9CEB8-8B4A-11D0-8D11-00A0C91BC942}") = "5008-get_cgpio_state", "5008-get_cgpio_state\5008-get_cgpio_state.vcxproj", "{39564A8A-08D0-4C75-9622-7077ED7814E0}"
EndProject
Project("{8BC9CEB8-8B4A-11D0-8D11-00A0C91BC942}") = "6001-set_reduced_mode", "6001-set_reduced_mode\6001-set_reduced_mode.vcxproj", "{44964BE6-A177-4330-A027-8EBB5ACA8FCB}"
EndProject
Project("{8BC9CEB8-8B4A-11D0-8D11-00A0C91BC942}") = "6002-set_fense_mode", "6002-set_fense_mode\6002-set_fense_mode.vcxproj", "{D8B9FC61-C667-4E89-B284-D6068E53A747}"
EndProject
Project("{8BC9CEB8-8B4A-11D0-8D11-00A0C91BC942}") = "7001-servo_j", "7001-servo_j\7001-servo_j.vcxproj", "{9CA5F1F7-D0B6-4A13-9679-A9C102EC663B}"
EndProject
Project("{8BC9CEB8-8B4A-11D0-8D11-00A0C91BC942}") = "7002-servo_cartesian", "7002-servo_cartesian\7002-servo_cartesian.vcxproj", "{4C35323A-5690-4D0E-8CA6-466EEB08C3A4}"
EndProject
Project("{8BC9CEB8-8B4A-11D0-8D11-00A0C91BC942}") = "1008-move_line_aa", "1008-move_line_aa\1008-move_line_aa.vcxproj", "{03CCB781-E38E-448E-A881-EF7596D9557C}"
EndProject
Project("{8BC9CEB8-8B4A-11D0-8D11-00A0C91BC942}") = "7003-servo_cartesian_aa", "7003-servo_cartesian_aa\7003-servo_cartesian_aa.vcxproj", "{36339303-398D-47F1-80DE-136C608D0D32}"
EndProject
Project("{8BC9CEB8-8B4A-11D0-8D11-00A0C91BC942}") = "thirdparty-set_robotiq_gripper", "thirdparty-set_robotiq_gripper\thirdparty-set_robotiq_gripper.vcxproj", "{FE74F561-17F7-447E-9ABE-8DCBFACE014B}"
EndProject
Project("{8BC9CEB8-8B4A-11D0-8D11-00A0C91BC942}") = "5000-set_tgpio_modbus", "5000-set_tgpio_modbus\5000-set_tgpio_modbus.vcxproj", "{FA109E68-9CCE-41CF-AEA7-971379337E50}"
EndProject
Project("{8BC9CEB8-8B4A-11D0-8D11-00A0C91BC942}") = "5009-set_bio_gripper", "5009-set_bio_gripper\5009-set_bio_gripper.vcxproj", "{4F2338D3-56DC-4FB5-A4A9-59E21D1DC343}"
EndProject
Project("{8BC9CEB8-8B4A-11D0-8D11-00A0C91BC942}") = "1009-cartesian_velocity_control", "1009-cartesian_velocity_control\1009-cartesian_velocity_control.vcxproj", "{6651136D-C684-4034-811E-50322EEB258F}"
EndProject
Project("{8BC9CEB8-8B4A-11D0-8D11-00A0C91BC942}") = "2000-joint_velocity_control", "2000-joint_velocity_control\2000-joint_velocity_control.vcxproj", "{384D5690-F708-4288-AC19-C4FA8695A9EF}"
EndProject
Project("{8BC9CEB8-8B4A-11D0-8D11-00A0C91BC942}") = "8000-load_identify_current", "8000-load_identify_current\8000-load_identify_current.vcxproj", "{1A711970-D164-4D10-A353-0F7C2A628D6D}"
EndProject
Project("{8BC9CEB8-8B4A-11D0-8D11-00A0C91BC942}") = "8001-force_tech", "8001-force_tech\8001-force_tech.vcxproj", "{4EF9FB80-6584-44EC-8D9C-F860F396A438}"
EndProject
Project("{8BC9CEB8-8B4A-11D0-8D11-00A0C91BC942}") = "8002-impedance", "8002-impedance\8002-impedance.vcxproj", "{21DF80B9-6D79-4016-ABC0-860E73A79E9E}"
EndProject
Project("{8BC9CEB8-8B4A-11D0-8D11-00A0C91BC942}") = "8003-force_control", "8003-force_control\8003-force_control.vcxproj", "{CD674394-4DE8-4679-B07B-FB1934E32753}"
EndProject
Project("{8BC9CEB8-8B4A-11D0-8D11-00A0C91BC942}") = "8004-load_identify", "8004-load_identify\8004-load_identify.vcxproj", "{338477E5-9170-4F99-8C21-D888B0900E00}"
EndProject
Project("{8BC9CEB8-8B4A-11D0-8D11-00A0C91BC942}") = "9000-set_linear_track", "9000-set_linear_track\9000-set_linear_track.vcxproj", "{5089BE79-1049-40F9-810D-F9AD98C60449}"
EndProject
Project("{8BC9CEB8-8B4A-11D0-8D11-00A0C91BC942}") = "8006-save_force_zero", "8006-save_force_zero\8006-save_force_zero.vcxproj", "{CA59F350-08A3-4648-B73E-60F80CDF8F39}"
EndProject
Project("{8BC9CEB8-8B4A-11D0-8D11-00A0C91BC942}") = "8005-read_force_data", "8005-read_force_data\8005-read_force_data.vcxproj", "{F52BD0AB-CCFD-4685-957D-678537E8591B}"
EndProject
Project("{8BC9CEB8-8B4A-11D0-8D11-00A0C91BC942}") = "8010-get_ft_sensor_config", "8010-get_ft_sensor_config\8010-get_ft_sensor_config.vcxproj", "{8C10ACAE-6B49-45DD-A95B-48C00DCB8D7B}"
EndProject
Project("{8BC9CEB8-8B4A-11D0-8D11-00A0C91BC942}") = "3004-get_report_data", "3004-get_report_data\3004-get_report_data.vcxproj", "{0062C51C-0F8E-4FE1-A5F6-B65F71719C9D}"
EndProject
Project("{8BC9CEB8-8B4A-11D0-8D11-00A0C91BC942}") = "3005-task_feedback", "3005-task_feedback\3005-task_feedback.vcxproj", "{B36B68F2-5F66-4AC8-B00C-04256AAD6B29}"
EndProject
Project("{8BC9CEB8-8B4A-11D0-8D11-00A0C91BC942}") = "3006-standard_modbus_tcp", "3006-standard_modbus_tcp\3006-standard_modbus_tcp.vcxproj", "{0D5AB9C9-7A3E-498F-93D5-211ABD938443}"
EndProject
Global
	GlobalSection(SolutionConfigurationPlatforms) = preSolution
		Debug|x64 = Debug|x64
		Debug|x86 = Debug|x86
		Release|x64 = Release|x64
		Release|x86 = Release|x86
	EndGlobalSection
	GlobalSection(ProjectConfigurationPlatforms) = postSolution
		{DEE3D7EF-64E9-4614-8E4B-C78464A758E5}.Debug|x64.ActiveCfg = Debug|x64
		{DEE3D7EF-64E9-4614-8E4B-C78464A758E5}.Debug|x64.Build.0 = Debug|x64
		{DEE3D7EF-64E9-4614-8E4B-C78464A758E5}.Debug|x86.ActiveCfg = Debug|Win32
		{DEE3D7EF-64E9-4614-8E4B-C78464A758E5}.Debug|x86.Build.0 = Debug|Win32
		{DEE3D7EF-64E9-4614-8E4B-C78464A758E5}.Release|x64.ActiveCfg = Release|x64
		{DEE3D7EF-64E9-4614-8E4B-C78464A758E5}.Release|x64.Build.0 = Release|x64
		{DEE3D7EF-64E9-4614-8E4B-C78464A758E5}.Release|x86.ActiveCfg = Release|Win32
		{DEE3D7EF-64E9-4614-8E4B-C78464A758E5}.Release|x86.Build.0 = Release|Win32
		{5A2844A9-BBA7-4A6B-8B70-1EA13F4E6168}.Debug|x64.ActiveCfg = Debug|x64
		{5A2844A9-BBA7-4A6B-8B70-1EA13F4E6168}.Debug|x64.Build.0 = Debug|x64
		{5A2844A9-BBA7-4A6B-8B70-1EA13F4E6168}.Debug|x86.ActiveCfg = Debug|Win32
		{5A2844A9-BBA7-4A6B-8B70-1EA13F4E6168}.Debug|x86.Build.0 = Debug|Win32
		{5A2844A9-BBA7-4A6B-8B70-1EA13F4E6168}.Release|x64.ActiveCfg = Release|x64
		{5A2844A9-BBA7-4A6B-8B70-1EA13F4E6168}.Release|x64.Build.0 = Release|x64
		{5A2844A9-BBA7-4A6B-8B70-1EA13F4E6168}.Release|x86.ActiveCfg = Release|Win32
		{5A2844A9-BBA7-4A6B-8B70-1EA13F4E6168}.Release|x86.Build.0 = Release|Win32
		{A8D363B1-49F5-4C5C-9E5E-7012E49F72A8}.Debug|x64.ActiveCfg = Debug|x64
		{A8D363B1-49F5-4C5C-9E5E-7012E49F72A8}.Debug|x64.Build.0 = Debug|x64
		{A8D363B1-49F5-4C5C-9E5E-7012E49F72A8}.Debug|x86.ActiveCfg = Debug|Win32
		{A8D363B1-49F5-4C5C-9E5E-7012E49F72A8}.Debug|x86.Build.0 = Debug|Win32
		{A8D363B1-49F5-4C5C-9E5E-7012E49F72A8}.Release|x64.ActiveCfg = Release|x64
		{A8D363B1-49F5-4C5C-9E5E-7012E49F72A8}.Release|x64.Build.0 = Release|x64
		{A8D363B1-49F5-4C5C-9E5E-7012E49F72A8}.Release|x86.ActiveCfg = Release|Win32
		{A8D363B1-49F5-4C5C-9E5E-7012E49F72A8}.Release|x86.Build.0 = Release|Win32
		{4A8AB63D-4B22-4F7A-8BCC-C7B98525BCE4}.Debug|x64.ActiveCfg = Debug|x64
		{4A8AB63D-4B22-4F7A-8BCC-C7B98525BCE4}.Debug|x64.Build.0 = Debug|x64
		{4A8AB63D-4B22-4F7A-8BCC-C7B98525BCE4}.Debug|x86.ActiveCfg = Debug|Win32
		{4A8AB63D-4B22-4F7A-8BCC-C7B98525BCE4}.Debug|x86.Build.0 = Debug|Win32
		{4A8AB63D-4B22-4F7A-8BCC-C7B98525BCE4}.Release|x64.ActiveCfg = Release|x64
		{4A8AB63D-4B22-4F7A-8BCC-C7B98525BCE4}.Release|x64.Build.0 = Release|x64
		{4A8AB63D-4B22-4F7A-8BCC-C7B98525BCE4}.Release|x86.ActiveCfg = Release|Win32
		{4A8AB63D-4B22-4F7A-8BCC-C7B98525BCE4}.Release|x86.Build.0 = Release|Win32
		{9BFA05B4-A794-4AF2-9776-EB654EDEDEC2}.Debug|x64.ActiveCfg = Debug|x64
		{9BFA05B4-A794-4AF2-9776-EB654EDEDEC2}.Debug|x64.Build.0 = Debug|x64
		{9BFA05B4-A794-4AF2-9776-EB654EDEDEC2}.Debug|x86.ActiveCfg = Debug|Win32
		{9BFA05B4-A794-4AF2-9776-EB654EDEDEC2}.Debug|x86.Build.0 = Debug|Win32
		{9BFA05B4-A794-4AF2-9776-EB654EDEDEC2}.Release|x64.ActiveCfg = Release|x64
		{9BFA05B4-A794-4AF2-9776-EB654EDEDEC2}.Release|x64.Build.0 = Release|x64
		{9BFA05B4-A794-4AF2-9776-EB654EDEDEC2}.Release|x86.ActiveCfg = Release|Win32
		{9BFA05B4-A794-4AF2-9776-EB654EDEDEC2}.Release|x86.Build.0 = Release|Win32
		{6E3E6413-84B4-43FE-8B9D-28DD90430B0F}.Debug|x64.ActiveCfg = Debug|x64
		{6E3E6413-84B4-43FE-8B9D-28DD90430B0F}.Debug|x64.Build.0 = Debug|x64
		{6E3E6413-84B4-43FE-8B9D-28DD90430B0F}.Debug|x86.ActiveCfg = Debug|Win32
		{6E3E6413-84B4-43FE-8B9D-28DD90430B0F}.Debug|x86.Build.0 = Debug|Win32
		{6E3E6413-84B4-43FE-8B9D-28DD90430B0F}.Release|x64.ActiveCfg = Release|x64
		{6E3E6413-84B4-43FE-8B9D-28DD90430B0F}.Release|x64.Build.0 = Release|x64
		{6E3E6413-84B4-43FE-8B9D-28DD90430B0F}.Release|x86.ActiveCfg = Release|Win32
		{6E3E6413-84B4-43FE-8B9D-28DD90430B0F}.Release|x86.Build.0 = Release|Win32
		{59E3E432-3576-451C-8A85-D2CF80F27B4C}.Debug|x64.ActiveCfg = Debug|x64
		{59E3E432-3576-451C-8A85-D2CF80F27B4C}.Debug|x64.Build.0 = Debug|x64
		{59E3E432-3576-451C-8A85-D2CF80F27B4C}.Debug|x86.ActiveCfg = Debug|Win32
		{59E3E432-3576-451C-8A85-D2CF80F27B4C}.Debug|x86.Build.0 = Debug|Win32
		{59E3E432-3576-451C-8A85-D2CF80F27B4C}.Release|x64.ActiveCfg = Release|x64
		{59E3E432-3576-451C-8A85-D2CF80F27B4C}.Release|x64.Build.0 = Release|x64
		{59E3E432-3576-451C-8A85-D2CF80F27B4C}.Release|x86.ActiveCfg = Release|Win32
		{59E3E432-3576-451C-8A85-D2CF80F27B4C}.Release|x86.Build.0 = Release|Win32
		{93C158CB-9080-4E6A-861B-CDCE41B4F8DA}.Debug|x64.ActiveCfg = Debug|x64
		{93C158CB-9080-4E6A-861B-CDCE41B4F8DA}.Debug|x64.Build.0 = Debug|x64
		{93C158CB-9080-4E6A-861B-CDCE41B4F8DA}.Debug|x86.ActiveCfg = Debug|Win32
		{93C158CB-9080-4E6A-861B-CDCE41B4F8DA}.Debug|x86.Build.0 = Debug|Win32
		{93C158CB-9080-4E6A-861B-CDCE41B4F8DA}.Release|x64.ActiveCfg = Release|x64
		{93C158CB-9080-4E6A-861B-CDCE41B4F8DA}.Release|x64.Build.0 = Release|x64
		{93C158CB-9080-4E6A-861B-CDCE41B4F8DA}.Release|x86.ActiveCfg = Release|Win32
		{93C158CB-9080-4E6A-861B-CDCE41B4F8DA}.Release|x86.Build.0 = Release|Win32
		{F76692A6-0C9A-41ED-ADC9-37067B8FAB22}.Debug|x64.ActiveCfg = Debug|x64
		{F76692A6-0C9A-41ED-ADC9-37067B8FAB22}.Debug|x64.Build.0 = Debug|x64
		{F76692A6-0C9A-41ED-ADC9-37067B8FAB22}.Debug|x86.ActiveCfg = Debug|Win32
		{F76692A6-0C9A-41ED-ADC9-37067B8FAB22}.Debug|x86.Build.0 = Debug|Win32
		{F76692A6-0C9A-41ED-ADC9-37067B8FAB22}.Release|x64.ActiveCfg = Release|x64
		{F76692A6-0C9A-41ED-ADC9-37067B8FAB22}.Release|x64.Build.0 = Release|x64
		{F76692A6-0C9A-41ED-ADC9-37067B8FAB22}.Release|x86.ActiveCfg = Release|Win32
		{F76692A6-0C9A-41ED-ADC9-37067B8FAB22}.Release|x86.Build.0 = Release|Win32
		{F6C70D6B-C272-4B48-BC96-EF8EA5E3C97C}.Debug|x64.ActiveCfg = Debug|x64
		{F6C70D6B-C272-4B48-BC96-EF8EA5E3C97C}.Debug|x64.Build.0 = Debug|x64
		{F6C70D6B-C272-4B48-BC96-EF8EA5E3C97C}.Debug|x86.ActiveCfg = Debug|Win32
		{F6C70D6B-C272-4B48-BC96-EF8EA5E3C97C}.Debug|x86.Build.0 = Debug|Win32
		{F6C70D6B-C272-4B48-BC96-EF8EA5E3C97C}.Release|x64.ActiveCfg = Release|x64
		{F6C70D6B-C272-4B48-BC96-EF8EA5E3C97C}.Release|x64.Build.0 = Release|x64
		{F6C70D6B-C272-4B48-BC96-EF8EA5E3C97C}.Release|x86.ActiveCfg = Release|Win32
		{F6C70D6B-C272-4B48-BC96-EF8EA5E3C97C}.Release|x86.Build.0 = Release|Win32
		{DF4F594B-8A35-4F2A-A6E0-65264EE40C3F}.Debug|x64.ActiveCfg = Debug|x64
		{DF4F594B-8A35-4F2A-A6E0-65264EE40C3F}.Debug|x64.Build.0 = Debug|x64
		{DF4F594B-8A35-4F2A-A6E0-65264EE40C3F}.Debug|x86.ActiveCfg = Debug|Win32
		{DF4F594B-8A35-4F2A-A6E0-65264EE40C3F}.Debug|x86.Build.0 = Debug|Win32
		{DF4F594B-8A35-4F2A-A6E0-65264EE40C3F}.Release|x64.ActiveCfg = Release|x64
		{DF4F594B-8A35-4F2A-A6E0-65264EE40C3F}.Release|x64.Build.0 = Release|x64
		{DF4F594B-8A35-4F2A-A6E0-65264EE40C3F}.Release|x86.ActiveCfg = Release|Win32
		{DF4F594B-8A35-4F2A-A6E0-65264EE40C3F}.Release|x86.Build.0 = Release|Win32
		{867E45C7-33AF-4312-A3A9-938787CA6F14}.Debug|x64.ActiveCfg = Debug|x64
		{867E45C7-33AF-4312-A3A9-938787CA6F14}.Debug|x64.Build.0 = Debug|x64
		{867E45C7-33AF-4312-A3A9-938787CA6F14}.Debug|x86.ActiveCfg = Debug|Win32
		{867E45C7-33AF-4312-A3A9-938787CA6F14}.Debug|x86.Build.0 = Debug|Win32
		{867E45C7-33AF-4312-A3A9-938787CA6F14}.Release|x64.ActiveCfg = Release|x64
		{867E45C7-33AF-4312-A3A9-938787CA6F14}.Release|x64.Build.0 = Release|x64
		{867E45C7-33AF-4312-A3A9-938787CA6F14}.Release|x86.ActiveCfg = Release|Win32
		{867E45C7-33AF-4312-A3A9-938787CA6F14}.Release|x86.Build.0 = Release|Win32
		{B281A23A-5F3C-4C2E-8D5C-36BFC985AB59}.Debug|x64.ActiveCfg = Debug|x64
		{B281A23A-5F3C-4C2E-8D5C-36BFC985AB59}.Debug|x64.Build.0 = Debug|x64
		{B281A23A-5F3C-4C2E-8D5C-36BFC985AB59}.Debug|x86.ActiveCfg = Debug|Win32
		{B281A23A-5F3C-4C2E-8D5C-36BFC985AB59}.Debug|x86.Build.0 = Debug|Win32
		{B281A23A-5F3C-4C2E-8D5C-36BFC985AB59}.Release|x64.ActiveCfg = Release|x64
		{B281A23A-5F3C-4C2E-8D5C-36BFC985AB59}.Release|x64.Build.0 = Release|x64
		{B281A23A-5F3C-4C2E-8D5C-36BFC985AB59}.Release|x86.ActiveCfg = Release|Win32
		{B281A23A-5F3C-4C2E-8D5C-36BFC985AB59}.Release|x86.Build.0 = Release|Win32
		{34C59648-5732-421B-9592-A83D0A088568}.Debug|x64.ActiveCfg = Debug|x64
		{34C59648-5732-421B-9592-A83D0A088568}.Debug|x64.Build.0 = Debug|x64
		{34C59648-5732-421B-9592-A83D0A088568}.Debug|x86.ActiveCfg = Debug|Win32
		{34C59648-5732-421B-9592-A83D0A088568}.Debug|x86.Build.0 = Debug|Win32
		{34C59648-5732-421B-9592-A83D0A088568}.Release|x64.ActiveCfg = Release|x64
		{34C59648-5732-421B-9592-A83D0A088568}.Release|x64.Build.0 = Release|x64
		{34C59648-5732-421B-9592-A83D0A088568}.Release|x86.ActiveCfg = Release|Win32
		{34C59648-5732-421B-9592-A83D0A088568}.Release|x86.Build.0 = Release|Win32
		{C75F3B6C-8152-455D-A71F-B7EFFC7B1EAC}.Debug|x64.ActiveCfg = Debug|x64
		{C75F3B6C-8152-455D-A71F-B7EFFC7B1EAC}.Debug|x64.Build.0 = Debug|x64
		{C75F3B6C-8152-455D-A71F-B7EFFC7B1EAC}.Debug|x86.ActiveCfg = Debug|Win32
		{C75F3B6C-8152-455D-A71F-B7EFFC7B1EAC}.Debug|x86.Build.0 = Debug|Win32
		{C75F3B6C-8152-455D-A71F-B7EFFC7B1EAC}.Release|x64.ActiveCfg = Release|x64
		{C75F3B6C-8152-455D-A71F-B7EFFC7B1EAC}.Release|x64.Build.0 = Release|x64
		{C75F3B6C-8152-455D-A71F-B7EFFC7B1EAC}.Release|x86.ActiveCfg = Release|Win32
		{C75F3B6C-8152-455D-A71F-B7EFFC7B1EAC}.Release|x86.Build.0 = Release|Win32
		{0D3FBD9B-3875-4B16-AA02-6AC9C8B0E1F6}.Debug|x64.ActiveCfg = Debug|x64
		{0D3FBD9B-3875-4B16-AA02-6AC9C8B0E1F6}.Debug|x64.Build.0 = Debug|x64
		{0D3FBD9B-3875-4B16-AA02-6AC9C8B0E1F6}.Debug|x86.ActiveCfg = Debug|Win32
		{0D3FBD9B-3875-4B16-AA02-6AC9C8B0E1F6}.Debug|x86.Build.0 = Debug|Win32
		{0D3FBD9B-3875-4B16-AA02-6AC9C8B0E1F6}.Release|x64.ActiveCfg = Release|x64
		{0D3FBD9B-3875-4B16-AA02-6AC9C8B0E1F6}.Release|x64.Build.0 = Release|x64
		{0D3FBD9B-3875-4B16-AA02-6AC9C8B0E1F6}.Release|x86.ActiveCfg = Release|Win32
		{0D3FBD9B-3875-4B16-AA02-6AC9C8B0E1F6}.Release|x86.Build.0 = Release|Win32
		{573871C4-2C69-4A04-A0CE-BBE42DB33BF2}.Debug|x64.ActiveCfg = Debug|x64
		{573871C4-2C69-4A04-A0CE-BBE42DB33BF2}.Debug|x64.Build.0 = Debug|x64
		{573871C4-2C69-4A04-A0CE-BBE42DB33BF2}.Debug|x86.ActiveCfg = Debug|Win32
		{573871C4-2C69-4A04-A0CE-BBE42DB33BF2}.Debug|x86.Build.0 = Debug|Win32
		{573871C4-2C69-4A04-A0CE-BBE42DB33BF2}.Release|x64.ActiveCfg = Release|x64
		{573871C4-2C69-4A04-A0CE-BBE42DB33BF2}.Release|x64.Build.0 = Release|x64
		{573871C4-2C69-4A04-A0CE-BBE42DB33BF2}.Release|x86.ActiveCfg = Release|Win32
		{573871C4-2C69-4A04-A0CE-BBE42DB33BF2}.Release|x86.Build.0 = Release|Win32
		{B4E4DA10-9301-430B-A60D-3F56FD37204B}.Debug|x64.ActiveCfg = Debug|x64
		{B4E4DA10-9301-430B-A60D-3F56FD37204B}.Debug|x64.Build.0 = Debug|x64
		{B4E4DA10-9301-430B-A60D-3F56FD37204B}.Debug|x86.ActiveCfg = Debug|Win32
		{B4E4DA10-9301-430B-A60D-3F56FD37204B}.Debug|x86.Build.0 = Debug|Win32
		{B4E4DA10-9301-430B-A60D-3F56FD37204B}.Release|x64.ActiveCfg = Release|x64
		{B4E4DA10-9301-430B-A60D-3F56FD37204B}.Release|x64.Build.0 = Release|x64
		{B4E4DA10-9301-430B-A60D-3F56FD37204B}.Release|x86.ActiveCfg = Release|Win32
		{B4E4DA10-9301-430B-A60D-3F56FD37204B}.Release|x86.Build.0 = Release|Win32
		{FC3191FF-0BB3-4054-B3C3-CC95EC52E633}.Debug|x64.ActiveCfg = Debug|x64
		{FC3191FF-0BB3-4054-B3C3-CC95EC52E633}.Debug|x64.Build.0 = Debug|x64
		{FC3191FF-0BB3-4054-B3C3-CC95EC52E633}.Debug|x86.ActiveCfg = Debug|Win32
		{FC3191FF-0BB3-4054-B3C3-CC95EC52E633}.Debug|x86.Build.0 = Debug|Win32
		{FC3191FF-0BB3-4054-B3C3-CC95EC52E633}.Release|x64.ActiveCfg = Release|x64
		{FC3191FF-0BB3-4054-B3C3-CC95EC52E633}.Release|x64.Build.0 = Release|x64
		{FC3191FF-0BB3-4054-B3C3-CC95EC52E633}.Release|x86.ActiveCfg = Release|Win32
		{FC3191FF-0BB3-4054-B3C3-CC95EC52E633}.Release|x86.Build.0 = Release|Win32
		{39564A8A-08D0-4C75-9622-7077ED7814E0}.Debug|x64.ActiveCfg = Debug|x64
		{39564A8A-08D0-4C75-9622-7077ED7814E0}.Debug|x64.Build.0 = Debug|x64
		{39564A8A-08D0-4C75-9622-7077ED7814E0}.Debug|x86.ActiveCfg = Debug|Win32
		{39564A8A-08D0-4C75-9622-7077ED7814E0}.Debug|x86.Build.0 = Debug|Win32
		{39564A8A-08D0-4C75-9622-7077ED7814E0}.Release|x64.ActiveCfg = Release|x64
		{39564A8A-08D0-4C75-9622-7077ED7814E0}.Release|x64.Build.0 = Release|x64
		{39564A8A-08D0-4C75-9622-7077ED7814E0}.Release|x86.ActiveCfg = Release|Win32
		{39564A8A-08D0-4C75-9622-7077ED7814E0}.Release|x86.Build.0 = Release|Win32
		{44964BE6-A177-4330-A027-8EBB5ACA8FCB}.Debug|x64.ActiveCfg = Debug|x64
		{44964BE6-A177-4330-A027-8EBB5ACA8FCB}.Debug|x64.Build.0 = Debug|x64
		{44964BE6-A177-4330-A027-8EBB5ACA8FCB}.Debug|x86.ActiveCfg = Debug|Win32
		{44964BE6-A177-4330-A027-8EBB5ACA8FCB}.Debug|x86.Build.0 = Debug|Win32
		{44964BE6-A177-4330-A027-8EBB5ACA8FCB}.Release|x64.ActiveCfg = Release|x64
		{44964BE6-A177-4330-A027-8EBB5ACA8FCB}.Release|x64.Build.0 = Release|x64
		{44964BE6-A177-4330-A027-8EBB5ACA8FCB}.Release|x86.ActiveCfg = Release|Win32
		{44964BE6-A177-4330-A027-8EBB5ACA8FCB}.Release|x86.Build.0 = Release|Win32
		{D8B9FC61-C667-4E89-B284-D6068E53A747}.Debug|x64.ActiveCfg = Debug|x64
		{D8B9FC61-C667-4E89-B284-D6068E53A747}.Debug|x64.Build.0 = Debug|x64
		{D8B9FC61-C667-4E89-B284-D6068E53A747}.Debug|x86.ActiveCfg = Debug|Win32
		{D8B9FC61-C667-4E89-B284-D6068E53A747}.Debug|x86.Build.0 = Debug|Win32
		{D8B9FC61-C667-4E89-B284-D6068E53A747}.Release|x64.ActiveCfg = Release|x64
		{D8B9FC61-C667-4E89-B284-D6068E53A747}.Release|x64.Build.0 = Release|x64
		{D8B9FC61-C667-4E89-B284-D6068E53A747}.Release|x86.ActiveCfg = Release|Win32
		{D8B9FC61-C667-4E89-B284-D6068E53A747}.Release|x86.Build.0 = Release|Win32
		{9CA5F1F7-D0B6-4A13-9679-A9C102EC663B}.Debug|x64.ActiveCfg = Debug|x64
		{9CA5F1F7-D0B6-4A13-9679-A9C102EC663B}.Debug|x64.Build.0 = Debug|x64
		{9CA5F1F7-D0B6-4A13-9679-A9C102EC663B}.Debug|x86.ActiveCfg = Debug|Win32
		{9CA5F1F7-D0B6-4A13-9679-A9C102EC663B}.Debug|x86.Build.0 = Debug|Win32
		{9CA5F1F7-D0B6-4A13-9679-A9C102EC663B}.Release|x64.ActiveCfg = Release|x64
		{9CA5F1F7-D0B6-4A13-9679-A9C102EC663B}.Release|x64.Build.0 = Release|x64
		{9CA5F1F7-D0B6-4A13-9679-A9C102EC663B}.Release|x86.ActiveCfg = Release|Win32
		{9CA5F1F7-D0B6-4A13-9679-A9C102EC663B}.Release|x86.Build.0 = Release|Win32
		{4C35323A-5690-4D0E-8CA6-466EEB08C3A4}.Debug|x64.ActiveCfg = Debug|x64
		{4C35323A-5690-4D0E-8CA6-466EEB08C3A4}.Debug|x64.Build.0 = Debug|x64
		{4C35323A-5690-4D0E-8CA6-466EEB08C3A4}.Debug|x86.ActiveCfg = Debug|Win32
		{4C35323A-5690-4D0E-8CA6-466EEB08C3A4}.Debug|x86.Build.0 = Debug|Win32
		{4C35323A-5690-4D0E-8CA6-466EEB08C3A4}.Release|x64.ActiveCfg = Release|x64
		{4C35323A-5690-4D0E-8CA6-466EEB08C3A4}.Release|x64.Build.0 = Release|x64
		{4C35323A-5690-4D0E-8CA6-466EEB08C3A4}.Release|x86.ActiveCfg = Release|Win32
		{4C35323A-5690-4D0E-8CA6-466EEB08C3A4}.Release|x86.Build.0 = Release|Win32
		{03CCB781-E38E-448E-A881-EF7596D9557C}.Debug|x64.ActiveCfg = Debug|x64
		{03CCB781-E38E-448E-A881-EF7596D9557C}.Debug|x64.Build.0 = Debug|x64
		{03CCB781-E38E-448E-A881-EF7596D9557C}.Debug|x86.ActiveCfg = Debug|Win32
		{03CCB781-E38E-448E-A881-EF7596D9557C}.Debug|x86.Build.0 = Debug|Win32
		{03CCB781-E38E-448E-A881-EF7596D9557C}.Release|x64.ActiveCfg = Release|x64
		{03CCB781-E38E-448E-A881-EF7596D9557C}.Release|x64.Build.0 = Release|x64
		{03CCB781-E38E-448E-A881-EF7596D9557C}.Release|x86.ActiveCfg = Release|Win32
		{03CCB781-E38E-448E-A881-EF7596D9557C}.Release|x86.Build.0 = Release|Win32
		{36339303-398D-47F1-80DE-136C608D0D32}.Debug|x64.ActiveCfg = Debug|x64
		{36339303-398D-47F1-80DE-136C608D0D32}.Debug|x64.Build.0 = Debug|x64
		{36339303-398D-47F1-80DE-136C608D0D32}.Debug|x86.ActiveCfg = Debug|Win32
		{36339303-398D-47F1-80DE-136C608D0D32}.Debug|x86.Build.0 = Debug|Win32
		{36339303-398D-47F1-80DE-136C608D0D32}.Release|x64.ActiveCfg = Release|x64
		{36339303-398D-47F1-80DE-136C608D0D32}.Release|x64.Build.0 = Release|x64
		{36339303-398D-47F1-80DE-136C608D0D32}.Release|x86.ActiveCfg = Release|Win32
		{36339303-398D-47F1-80DE-136C608D0D32}.Release|x86.Build.0 = Release|Win32
		{FE74F561-17F7-447E-9ABE-8DCBFACE014B}.Debug|x64.ActiveCfg = Debug|x64
		{FE74F561-17F7-447E-9ABE-8DCBFACE014B}.Debug|x64.Build.0 = Debug|x64
		{FE74F561-17F7-447E-9ABE-8DCBFACE014B}.Debug|x86.ActiveCfg = Debug|Win32
		{FE74F561-17F7-447E-9ABE-8DCBFACE014B}.Debug|x86.Build.0 = Debug|Win32
		{FE74F561-17F7-447E-9ABE-8DCBFACE014B}.Release|x64.ActiveCfg = Release|x64
		{FE74F561-17F7-447E-9ABE-8DCBFACE014B}.Release|x64.Build.0 = Release|x64
		{FE74F561-17F7-447E-9ABE-8DCBFACE014B}.Release|x86.ActiveCfg = Release|Win32
		{FE74F561-17F7-447E-9ABE-8DCBFACE014B}.Release|x86.Build.0 = Release|Win32
		{FA109E68-9CCE-41CF-AEA7-971379337E50}.Debug|x64.ActiveCfg = Debug|x64
		{FA109E68-9CCE-41CF-AEA7-971379337E50}.Debug|x64.Build.0 = Debug|x64
		{FA109E68-9CCE-41CF-AEA7-971379337E50}.Debug|x86.ActiveCfg = Debug|Win32
		{FA109E68-9CCE-41CF-AEA7-971379337E50}.Debug|x86.Build.0 = Debug|Win32
		{FA109E68-9CCE-41CF-AEA7-971379337E50}.Release|x64.ActiveCfg = Release|x64
		{FA109E68-9CCE-41CF-AEA7-971379337E50}.Release|x64.Build.0 = Release|x64
		{FA109E68-9CCE-41CF-AEA7-971379337E50}.Release|x86.ActiveCfg = Release|Win32
		{FA109E68-9CCE-41CF-AEA7-971379337E50}.Release|x86.Build.0 = Release|Win32
		{4F2338D3-56DC-4FB5-A4A9-59E21D1DC343}.Debug|x64.ActiveCfg = Debug|x64
		{4F2338D3-56DC-4FB5-A4A9-59E21D1DC343}.Debug|x64.Build.0 = Debug|x64
		{4F2338D3-56DC-4FB5-A4A9-59E21D1DC343}.Debug|x86.ActiveCfg = Debug|Win32
		{4F2338D3-56DC-4FB5-A4A9-59E21D1DC343}.Debug|x86.Build.0 = Debug|Win32
		{4F2338D3-56DC-4FB5-A4A9-59E21D1DC343}.Release|x64.ActiveCfg = Release|x64
		{4F2338D3-56DC-4FB5-A4A9-59E21D1DC343}.Release|x64.Build.0 = Release|x64
		{4F2338D3-56DC-4FB5-A4A9-59E21D1DC343}.Release|x86.ActiveCfg = Release|Win32
		{4F2338D3-56DC-4FB5-A4A9-59E21D1DC343}.Release|x86.Build.0 = Release|Win32
		{6651136D-C684-4034-811E-50322EEB258F}.Debug|x64.ActiveCfg = Debug|x64
		{6651136D-C684-4034-811E-50322EEB258F}.Debug|x64.Build.0 = Debug|x64
		{6651136D-C684-4034-811E-50322EEB258F}.Debug|x86.ActiveCfg = Debug|Win32
		{6651136D-C684-4034-811E-50322EEB258F}.Debug|x86.Build.0 = Debug|Win32
		{6651136D-C684-4034-811E-50322EEB258F}.Release|x64.ActiveCfg = Release|x64
		{6651136D-C684-4034-811E-50322EEB258F}.Release|x64.Build.0 = Release|x64
		{6651136D-C684-4034-811E-50322EEB258F}.Release|x86.ActiveCfg = Release|Win32
		{6651136D-C684-4034-811E-50322EEB258F}.Release|x86.Build.0 = Release|Win32
		{384D5690-F708-4288-AC19-C4FA8695A9EF}.Debug|x64.ActiveCfg = Debug|x64
		{384D5690-F708-4288-AC19-C4FA8695A9EF}.Debug|x64.Build.0 = Debug|x64
		{384D5690-F708-4288-AC19-C4FA8695A9EF}.Debug|x86.ActiveCfg = Debug|Win32
		{384D5690-F708-4288-AC19-C4FA8695A9EF}.Debug|x86.Build.0 = Debug|Win32
		{384D5690-F708-4288-AC19-C4FA8695A9EF}.Release|x64.ActiveCfg = Release|x64
		{384D5690-F708-4288-AC19-C4FA8695A9EF}.Release|x64.Build.0 = Release|x64
		{384D5690-F708-4288-AC19-C4FA8695A9EF}.Release|x86.ActiveCfg = Release|Win32
		{384D5690-F708-4288-AC19-C4FA8695A9EF}.Release|x86.Build.0 = Release|Win32
		{1A711970-D164-4D10-A353-0F7C2A628D6D}.Debug|x64.ActiveCfg = Debug|x64
		{1A711970-D164-4D10-A353-0F7C2A628D6D}.Debug|x64.Build.0 = Debug|x64
		{1A711970-D164-4D10-A353-0F7C2A628D6D}.Debug|x86.ActiveCfg = Debug|Win32
		{1A711970-D164-4D10-A353-0F7C2A628D6D}.Debug|x86.Build.0 = Debug|Win32
		{1A711970-D164-4D10-A353-0F7C2A628D6D}.Release|x64.ActiveCfg = Release|x64
		{1A711970-D164-4D10-A353-0F7C2A628D6D}.Release|x64.Build.0 = Release|x64
		{1A711970-D164-4D10-A353-0F7C2A628D6D}.Release|x86.ActiveCfg = Release|Win32
		{1A711970-D164-4D10-A353-0F7C2A628D6D}.Release|x86.Build.0 = Release|Win32
		{4EF9FB80-6584-44EC-8D9C-F860F396A438}.Debug|x64.ActiveCfg = Debug|x64
		{4EF9FB80-6584-44EC-8D9C-F860F396A438}.Debug|x64.Build.0 = Debug|x64
		{4EF9FB80-6584-44EC-8D9C-F860F396A438}.Debug|x86.ActiveCfg = Debug|Win32
		{4EF9FB80-6584-44EC-8D9C-F860F396A438}.Debug|x86.Build.0 = Debug|Win32
		{4EF9FB80-6584-44EC-8D9C-F860F396A438}.Release|x64.ActiveCfg = Release|x64
		{4EF9FB80-6584-44EC-8D9C-F860F396A438}.Release|x64.Build.0 = Release|x64
		{4EF9FB80-6584-44EC-8D9C-F860F396A438}.Release|x86.ActiveCfg = Release|Win32
		{4EF9FB80-6584-44EC-8D9C-F860F396A438}.Release|x86.Build.0 = Release|Win32
		{21DF80B9-6D79-4016-ABC0-860E73A79E9E}.Debug|x64.ActiveCfg = Debug|x64
		{21DF80B9-6D79-4016-ABC0-860E73A79E9E}.Debug|x64.Build.0 = Debug|x64
		{21DF80B9-6D79-4016-ABC0-860E73A79E9E}.Debug|x86.ActiveCfg = Debug|Win32
		{21DF80B9-6D79-4016-ABC0-860E73A79E9E}.Debug|x86.Build.0 = Debug|Win32
		{21DF80B9-6D79-4016-ABC0-860E73A79E9E}.Release|x64.ActiveCfg = Release|x64
		{21DF80B9-6D79-4016-ABC0-860E73A79E9E}.Release|x64.Build.0 = Release|x64
		{21DF80B9-6D79-4016-ABC0-860E73A79E9E}.Release|x86.ActiveCfg = Release|Win32
		{21DF80B9-6D79-4016-ABC0-860E73A79E9E}.Release|x86.Build.0 = Release|Win32
		{CD674394-4DE8-4679-B07B-FB1934E32753}.Debug|x64.ActiveCfg = Debug|x64
		{CD674394-4DE8-4679-B07B-FB1934E32753}.Debug|x64.Build.0 = Debug|x64
		{CD674394-4DE8-4679-B07B-FB1934E32753}.Debug|x86.ActiveCfg = Debug|Win32
		{CD674394-4DE8-4679-B07B-FB1934E32753}.Debug|x86.Build.0 = Debug|Win32
		{CD674394-4DE8-4679-B07B-FB1934E32753}.Release|x64.ActiveCfg = Release|x64
		{CD674394-4DE8-4679-B07B-FB1934E32753}.Release|x64.Build.0 = Release|x64
		{CD674394-4DE8-4679-B07B-FB1934E32753}.Release|x86.ActiveCfg = Release|Win32
		{CD674394-4DE8-4679-B07B-FB1934E32753}.Release|x86.Build.0 = Release|Win32
		{338477E5-9170-4F99-8C21-D888B0900E00}.Debug|x64.ActiveCfg = Debug|x64
		{338477E5-9170-4F99-8C21-D888B0900E00}.Debug|x64.Build.0 = Debug|x64
		{338477E5-9170-4F99-8C21-D888B0900E00}.Debug|x86.ActiveCfg = Debug|Win32
		{338477E5-9170-4F99-8C21-D888B0900E00}.Debug|x86.Build.0 = Debug|Win32
		{338477E5-9170-4F99-8C21-D888B0900E00}.Release|x64.ActiveCfg = Release|x64
		{338477E5-9170-4F99-8C21-D888B0900E00}.Release|x64.Build.0 = Release|x64
		{338477E5-9170-4F99-8C21-D888B0900E00}.Release|x86.ActiveCfg = Release|Win32
		{338477E5-9170-4F99-8C21-D888B0900E00}.Release|x86.Build.0 = Release|Win32
		{5089BE79-1049-40F9-810D-F9AD98C60449}.Debug|x64.ActiveCfg = Debug|x64
		{5089BE79-1049-40F9-810D-F9AD98C60449}.Debug|x64.Build.0 = Debug|x64
		{5089BE79-1049-40F9-810D-F9AD98C60449}.Debug|x86.ActiveCfg = Debug|Win32
		{5089BE79-1049-40F9-810D-F9AD98C60449}.Debug|x86.Build.0 = Debug|Win32
		{5089BE79-1049-40F9-810D-F9AD98C60449}.Release|x64.ActiveCfg = Release|x64
		{5089BE79-1049-40F9-810D-F9AD98C60449}.Release|x64.Build.0 = Release|x64
		{5089BE79-1049-40F9-810D-F9AD98C60449}.Release|x86.ActiveCfg = Release|Win32
		{5089BE79-1049-40F9-810D-F9AD98C60449}.Release|x86.Build.0 = Release|Win32
		{CA59F350-08A3-4648-B73E-60F80CDF8F39}.Debug|x64.ActiveCfg = Debug|x64
		{CA59F350-08A3-4648-B73E-60F80CDF8F39}.Debug|x64.Build.0 = Debug|x64
		{CA59F350-08A3-4648-B73E-60F80CDF8F39}.Debug|x86.ActiveCfg = Debug|Win32
		{CA59F350-08A3-4648-B73E-60F80CDF8F39}.Debug|x86.Build.0 = Debug|Win32
		{CA59F350-08A3-4648-B73E-60F80CDF8F39}.Release|x64.ActiveCfg = Release|x64
		{CA59F350-08A3-4648-B73E-60F80CDF8F39}.Release|x64.Build.0 = Release|x64
		{CA59F350-08A3-4648-B73E-60F80CDF8F39}.Release|x86.ActiveCfg = Release|Win32
		{CA59F350-08A3-4648-B73E-60F80CDF8F39}.Release|x86.Build.0 = Release|Win32
		{F52BD0AB-CCFD-4685-957D-678537E8591B}.Debug|x64.ActiveCfg = Debug|x64
		{F52BD0AB-CCFD-4685-957D-678537E8591B}.Debug|x64.Build.0 = Debug|x64
		{F52BD0AB-CCFD-4685-957D-678537E8591B}.Debug|x86.ActiveCfg = Debug|Win32
		{F52BD0AB-CCFD-4685-957D-678537E8591B}.Debug|x86.Build.0 = Debug|Win32
		{F52BD0AB-CCFD-4685-957D-678537E8591B}.Release|x64.ActiveCfg = Release|x64
		{F52BD0AB-CCFD-4685-957D-678537E8591B}.Release|x64.Build.0 = Release|x64
		{F52BD0AB-CCFD-4685-957D-678537E8591B}.Release|x86.ActiveCfg = Release|Win32
		{F52BD0AB-CCFD-4685-957D-678537E8591B}.Release|x86.Build.0 = Release|Win32
		{8C10ACAE-6B49-45DD-A95B-48C00DCB8D7B}.Debug|x64.ActiveCfg = Debug|x64
		{8C10ACAE-6B49-45DD-A95B-48C00DCB8D7B}.Debug|x64.Build.0 = Debug|x64
		{8C10ACAE-6B49-45DD-A95B-48C00DCB8D7B}.Debug|x86.ActiveCfg = Debug|Win32
		{8C10ACAE-6B49-45DD-A95B-48C00DCB8D7B}.Debug|x86.Build.0 = Debug|Win32
		{8C10ACAE-6B49-45DD-A95B-48C00DCB8D7B}.Release|x64.ActiveCfg = Release|x64
		{8C10ACAE-6B49-45DD-A95B-48C00DCB8D7B}.Release|x64.Build.0 = Release|x64
		{8C10ACAE-6B49-45DD-A95B-48C00DCB8D7B}.Release|x86.ActiveCfg = Release|Win32
		{8C10ACAE-6B49-45DD-A95B-48C00DCB8D7B}.Release|x86.Build.0 = Release|Win32
		{0062C51C-0F8E-4FE1-A5F6-B65F71719C9D}.Debug|x64.ActiveCfg = Debug|x64
		{0062C51C-0F8E-4FE1-A5F6-B65F71719C9D}.Debug|x64.Build.0 = Debug|x64
		{0062C51C-0F8E-4FE1-A5F6-B65F71719C9D}.Debug|x86.ActiveCfg = Debug|Win32
		{0062C51C-0F8E-4FE1-A5F6-B65F71719C9D}.Debug|x86.Build.0 = Debug|Win32
		{0062C51C-0F8E-4FE1-A5F6-B65F71719C9D}.Release|x64.ActiveCfg = Release|x64
		{0062C51C-0F8E-4FE1-A5F6-B65F71719C9D}.Release|x64.Build.0 = Release|x64
		{0062C51C-0F8E-4FE1-A5F6-B65F71719C9D}.Release|x86.ActiveCfg = Release|Win32
		{0062C51C-0F8E-4FE1-A5F6-B65F71719C9D}.Release|x86.Build.0 = Release|Win32
		{B36B68F2-5F66-4AC8-B00C-04256AAD6B29}.Debug|x64.ActiveCfg = Debug|x64
		{B36B68F2-5F66-4AC8-B00C-04256AAD6B29}.Debug|x64.Build.0 = Debug|x64
		{B36B68F2-5F66-4AC8-B00C-04256AAD6B29}.Debug|x86.ActiveCfg = Debug|Win32
		{B36B68F2-5F66-4AC8-B00C-04256AAD6B29}.Debug|x86.Build.0 = Debug|Win32
		{B36B68F2-5F66-4AC8-B00C-04256AAD6B29}.Release|x64.ActiveCfg = Release|x64
		{B36B68F2-5F66-4AC8-B00C-04256AAD6B29}.Release|x64.Build.0 = Release|x64
		{B36B68F2-5F66-4AC8-B00C-04256AAD6B29}.Release|x86.ActiveCfg = Release|Win32
		{B36B68F2-5F66-4AC8-B00C-04256AAD6B29}.Release|x86.Build.0 = Release|Win32
		{0D5AB9C9-7A3E-498F-93D5-211ABD938443}.Debug|x64.ActiveCfg = Debug|x64
		{0D5AB9C9-7A3E-498F-93D5-211ABD938443}.Debug|x64.Build.0 = Debug|x64
		{0D5AB9C9-7A3E-498F-93D5-211ABD938443}.Debug|x86.ActiveCfg = Debug|Win32
		{0D5AB9C9-7A3E-498F-93D5-211ABD938443}.Debug|x86.Build.0 = Debug|Win32
		{0D5AB9C9-7A3E-498F-93D5-211ABD938443}.Release|x64.ActiveCfg = Release|x64
		{0D5AB9C9-7A3E-498F-93D5-211ABD938443}.Release|x64.Build.0 = Release|x64
		{0D5AB9C9-7A3E-498F-93D5-211ABD938443}.Release|x86.ActiveCfg = Release|Win32
		{0D5AB9C9-7A3E-498F-93D5-211ABD938443}.Release|x86.Build.0 = Release|Win32
	EndGlobalSection
	GlobalSection(SolutionProperties) = preSolution
		HideSolutionNode = FALSE
	EndGlobalSection
EndGlobal
